// !$*UTF8*$!
{
	archiveVersion = 1;
	classes = {
	};
	objectVersion = 50;
	objects = {

/* Begin PBXBuildFile section */
		3BD69EEE2546F21600130F21 /* ApiKey.swift in Sources */ = {isa = PBXBuildFile; fileRef = 3BD69EED2546F21600130F21 /* ApiKey.swift */; };
		8C71BD7C24DDF9CE0014E416 /* SeasonData.swift in Sources */ = {isa = PBXBuildFile; fileRef = 8C71BD7B24DDF9CE0014E416 /* SeasonData.swift */; };
		8C7E826B24DF149300812C9A /* EpisodeCollectionViewCell.swift in Sources */ = {isa = PBXBuildFile; fileRef = 8C7E826924DF149300812C9A /* EpisodeCollectionViewCell.swift */; };
		8C7E826C24DF149300812C9A /* EpisodeCollectionViewCell.xib in Resources */ = {isa = PBXBuildFile; fileRef = 8C7E826A24DF149300812C9A /* EpisodeCollectionViewCell.xib */; };
		8C7E826E24DF234D00812C9A /* EpisodesListViewController.swift in Sources */ = {isa = PBXBuildFile; fileRef = 8C7E826D24DF234C00812C9A /* EpisodesListViewController.swift */; };
		8C98E57625103EAF004CAD6C /* HomeViewController.swift in Sources */ = {isa = PBXBuildFile; fileRef = 8C98E57525103EAF004CAD6C /* HomeViewController.swift */; };
		8C98E57825103F21004CAD6C /* SearchData.swift in Sources */ = {isa = PBXBuildFile; fileRef = 8C98E57725103F20004CAD6C /* SearchData.swift */; };
		8C98E57E25104318004CAD6C /* HomeCollectionViewCell.xib in Resources */ = {isa = PBXBuildFile; fileRef = 8C98E57C25104318004CAD6C /* HomeCollectionViewCell.xib */; };
		8C98E57F25104318004CAD6C /* HomeCollectionViewCell.swift in Sources */ = {isa = PBXBuildFile; fileRef = 8C98E57D25104318004CAD6C /* HomeCollectionViewCell.swift */; };
		8CA7506A24DD6EE4005B6CB8 /* AppDelegate.swift in Sources */ = {isa = PBXBuildFile; fileRef = 8CA7506924DD6EE4005B6CB8 /* AppDelegate.swift */; };
		8CA7506C24DD6EE4005B6CB8 /* SceneDelegate.swift in Sources */ = {isa = PBXBuildFile; fileRef = 8CA7506B24DD6EE4005B6CB8 /* SceneDelegate.swift */; };
		8CA7506E24DD6EE4005B6CB8 /* SeasonViewController.swift in Sources */ = {isa = PBXBuildFile; fileRef = 8CA7506D24DD6EE4005B6CB8 /* SeasonViewController.swift */; };
		8CA7507124DD6EE4005B6CB8 /* Main.storyboard in Resources */ = {isa = PBXBuildFile; fileRef = 8CA7506F24DD6EE4005B6CB8 /* Main.storyboard */; };
		8CA7507324DD6EE6005B6CB8 /* Assets.xcassets in Resources */ = {isa = PBXBuildFile; fileRef = 8CA7507224DD6EE6005B6CB8 /* Assets.xcassets */; };
		8CA7507624DD6EE6005B6CB8 /* LaunchScreen.storyboard in Resources */ = {isa = PBXBuildFile; fileRef = 8CA7507424DD6EE6005B6CB8 /* LaunchScreen.storyboard */; };
		8CA7507F24DD7316005B6CB8 /* Manager.swift in Sources */ = {isa = PBXBuildFile; fileRef = 8CA7507D24DD7316005B6CB8 /* Manager.swift */; };
		8CA7508024DD7316005B6CB8 /* EpisodeData.swift in Sources */ = {isa = PBXBuildFile; fileRef = 8CA7507E24DD7316005B6CB8 /* EpisodeData.swift */; };
		8CA7508324DDF098005B6CB8 /* SeasonCollectionViewCell.swift in Sources */ = {isa = PBXBuildFile; fileRef = 8CA7508124DDF098005B6CB8 /* SeasonCollectionViewCell.swift */; };
		8CA7508424DDF098005B6CB8 /* SeasonCollectionViewCell.xib in Resources */ = {isa = PBXBuildFile; fileRef = 8CA7508224DDF098005B6CB8 /* SeasonCollectionViewCell.xib */; };
		8CD4727724E16D120092EF83 /* EpisodeDetailViewController.swift in Sources */ = {isa = PBXBuildFile; fileRef = 8CD4727624E16D120092EF83 /* EpisodeDetailViewController.swift */; };
		BA92403A8FDB7DD30FEBBD22 /* Pods_TVnMoviesApp.framework in Frameworks */ = {isa = PBXBuildFile; fileRef = CB5664D665B9B3AF93C319D7 /* Pods_TVnMoviesApp.framework */; };
/* End PBXBuildFile section */

/* Begin PBXFileReference section */
		3BD69EED2546F21600130F21 /* ApiKey.swift */ = {isa = PBXFileReference; lastKnownFileType = sourcecode.swift; path = ApiKey.swift; sourceTree = "<group>"; };
		423C956EF68AA934562D00AC /* Pods-TVnMoviesApp.release.xcconfig */ = {isa = PBXFileReference; includeInIndex = 1; lastKnownFileType = text.xcconfig; name = "Pods-TVnMoviesApp.release.xcconfig"; path = "Target Support Files/Pods-TVnMoviesApp/Pods-TVnMoviesApp.release.xcconfig"; sourceTree = "<group>"; };
		6E0151ED115E8ED8A73A2213 /* Pods-TVnMoviesApp.debug.xcconfig */ = {isa = PBXFileReference; includeInIndex = 1; lastKnownFileType = text.xcconfig; name = "Pods-TVnMoviesApp.debug.xcconfig"; path = "Target Support Files/Pods-TVnMoviesApp/Pods-TVnMoviesApp.debug.xcconfig"; sourceTree = "<group>"; };
		8C71BD7B24DDF9CE0014E416 /* SeasonData.swift */ = {isa = PBXFileReference; lastKnownFileType = sourcecode.swift; path = SeasonData.swift; sourceTree = "<group>"; };
		8C7E826924DF149300812C9A /* EpisodeCollectionViewCell.swift */ = {isa = PBXFileReference; lastKnownFileType = sourcecode.swift; path = EpisodeCollectionViewCell.swift; sourceTree = "<group>"; };
		8C7E826A24DF149300812C9A /* EpisodeCollectionViewCell.xib */ = {isa = PBXFileReference; lastKnownFileType = file.xib; path = EpisodeCollectionViewCell.xib; sourceTree = "<group>"; };
		8C7E826D24DF234C00812C9A /* EpisodesListViewController.swift */ = {isa = PBXFileReference; lastKnownFileType = sourcecode.swift; path = EpisodesListViewController.swift; sourceTree = "<group>"; };
		8C98E57525103EAF004CAD6C /* HomeViewController.swift */ = {isa = PBXFileReference; fileEncoding = 4; lastKnownFileType = sourcecode.swift; path = HomeViewController.swift; sourceTree = "<group>"; };
		8C98E57725103F20004CAD6C /* SearchData.swift */ = {isa = PBXFileReference; lastKnownFileType = sourcecode.swift; path = SearchData.swift; sourceTree = "<group>"; };
		8C98E57C25104318004CAD6C /* HomeCollectionViewCell.xib */ = {isa = PBXFileReference; fileEncoding = 4; lastKnownFileType = file.xib; path = HomeCollectionViewCell.xib; sourceTree = "<group>"; };
		8C98E57D25104318004CAD6C /* HomeCollectionViewCell.swift */ = {isa = PBXFileReference; fileEncoding = 4; lastKnownFileType = sourcecode.swift; path = HomeCollectionViewCell.swift; sourceTree = "<group>"; };
		8CA7506624DD6EE4005B6CB8 /* TVnMoviesApp.app */ = {isa = PBXFileReference; explicitFileType = wrapper.application; includeInIndex = 0; path = TVnMoviesApp.app; sourceTree = BUILT_PRODUCTS_DIR; };
		8CA7506924DD6EE4005B6CB8 /* AppDelegate.swift */ = {isa = PBXFileReference; lastKnownFileType = sourcecode.swift; path = AppDelegate.swift; sourceTree = "<group>"; };
		8CA7506B24DD6EE4005B6CB8 /* SceneDelegate.swift */ = {isa = PBXFileReference; lastKnownFileType = sourcecode.swift; path = SceneDelegate.swift; sourceTree = "<group>"; };
		8CA7506D24DD6EE4005B6CB8 /* SeasonViewController.swift */ = {isa = PBXFileReference; lastKnownFileType = sourcecode.swift; path = SeasonViewController.swift; sourceTree = "<group>"; };
		8CA7507024DD6EE4005B6CB8 /* Base */ = {isa = PBXFileReference; lastKnownFileType = file.storyboard; name = Base; path = Base.lproj/Main.storyboard; sourceTree = "<group>"; };
		8CA7507224DD6EE6005B6CB8 /* Assets.xcassets */ = {isa = PBXFileReference; lastKnownFileType = folder.assetcatalog; path = Assets.xcassets; sourceTree = "<group>"; };
		8CA7507524DD6EE6005B6CB8 /* Base */ = {isa = PBXFileReference; lastKnownFileType = file.storyboard; name = Base; path = Base.lproj/LaunchScreen.storyboard; sourceTree = "<group>"; };
		8CA7507724DD6EE6005B6CB8 /* Info.plist */ = {isa = PBXFileReference; lastKnownFileType = text.plist.xml; path = Info.plist; sourceTree = "<group>"; };
		8CA7507D24DD7316005B6CB8 /* Manager.swift */ = {isa = PBXFileReference; fileEncoding = 4; lastKnownFileType = sourcecode.swift; path = Manager.swift; sourceTree = "<group>"; };
		8CA7507E24DD7316005B6CB8 /* EpisodeData.swift */ = {isa = PBXFileReference; fileEncoding = 4; lastKnownFileType = sourcecode.swift; path = EpisodeData.swift; sourceTree = "<group>"; };
		8CA7508124DDF098005B6CB8 /* SeasonCollectionViewCell.swift */ = {isa = PBXFileReference; lastKnownFileType = sourcecode.swift; path = SeasonCollectionViewCell.swift; sourceTree = "<group>"; };
		8CA7508224DDF098005B6CB8 /* SeasonCollectionViewCell.xib */ = {isa = PBXFileReference; lastKnownFileType = file.xib; path = SeasonCollectionViewCell.xib; sourceTree = "<group>"; };
		8CD4727624E16D120092EF83 /* EpisodeDetailViewController.swift */ = {isa = PBXFileReference; lastKnownFileType = sourcecode.swift; path = EpisodeDetailViewController.swift; sourceTree = "<group>"; };
		CB5664D665B9B3AF93C319D7 /* Pods_TVnMoviesApp.framework */ = {isa = PBXFileReference; explicitFileType = wrapper.framework; includeInIndex = 0; path = Pods_TVnMoviesApp.framework; sourceTree = BUILT_PRODUCTS_DIR; };
/* End PBXFileReference section */

/* Begin PBXFrameworksBuildPhase section */
		8CA7506324DD6EE4005B6CB8 /* Frameworks */ = {
			isa = PBXFrameworksBuildPhase;
			buildActionMask = 2147483647;
			files = (
				BA92403A8FDB7DD30FEBBD22 /* Pods_TVnMoviesApp.framework in Frameworks */,
			);
			runOnlyForDeploymentPostprocessing = 0;
		};
/* End PBXFrameworksBuildPhase section */

/* Begin PBXGroup section */
		8C7E826724DF144400812C9A /* SeasonCell */ = {
			isa = PBXGroup;
			children = (
				8CA7508224DDF098005B6CB8 /* SeasonCollectionViewCell.xib */,
				8CA7508124DDF098005B6CB8 /* SeasonCollectionViewCell.swift */,
			);
			path = SeasonCell;
			sourceTree = "<group>";
		};
		8C7E826824DF146C00812C9A /* EpisodeCell */ = {
			isa = PBXGroup;
			children = (
				8C7E826924DF149300812C9A /* EpisodeCollectionViewCell.swift */,
				8C7E826A24DF149300812C9A /* EpisodeCollectionViewCell.xib */,
			);
			path = EpisodeCell;
			sourceTree = "<group>";
		};
		8C98E58025104EAA004CAD6C /* Home */ = {
			isa = PBXGroup;
			children = (
				8C98E57525103EAF004CAD6C /* HomeViewController.swift */,
				8C98E57D25104318004CAD6C /* HomeCollectionViewCell.swift */,
				8C98E57C25104318004CAD6C /* HomeCollectionViewCell.xib */,
			);
			path = Home;
			sourceTree = "<group>";
		};
		8CA7505D24DD6EE4005B6CB8 = {
			isa = PBXGroup;
			children = (
				8CA7506824DD6EE4005B6CB8 /* TVnMoviesApp */,
				8CA7506724DD6EE4005B6CB8 /* Products */,
				90C2500F9833FBB5880D444F /* Pods */,
				AF3EA621CF268AAA3E664458 /* Frameworks */,
			);
			sourceTree = "<group>";
		};
		8CA7506724DD6EE4005B6CB8 /* Products */ = {
			isa = PBXGroup;
			children = (
				8CA7506624DD6EE4005B6CB8 /* TVnMoviesApp.app */,
			);
			name = Products;
			sourceTree = "<group>";
		};
		8CA7506824DD6EE4005B6CB8 /* TVnMoviesApp */ = {
			isa = PBXGroup;
			children = (
				8CA8668924EA9745004FA8F6 /* Model */,
				8CA8668A24EA975C004FA8F6 /* View */,
				8CA8668F24EA981F004FA8F6 /* Controller */,
				8CA8668B24EA9777004FA8F6 /* Support Files */,
				8CA7507224DD6EE6005B6CB8 /* Assets.xcassets */,
				8CA7507724DD6EE6005B6CB8 /* Info.plist */,
				3BD69EED2546F21600130F21 /* ApiKey.swift */,
			);
			path = TVnMoviesApp;
			sourceTree = "<group>";
		};
		8CA8668924EA9745004FA8F6 /* Model */ = {
			isa = PBXGroup;
			children = (
				8CA7507E24DD7316005B6CB8 /* EpisodeData.swift */,
				8CA7507D24DD7316005B6CB8 /* Manager.swift */,
				8C98E57725103F20004CAD6C /* SearchData.swift */,
				8C71BD7B24DDF9CE0014E416 /* SeasonData.swift */,
			);
			path = Model;
			sourceTree = "<group>";
		};
		8CA8668A24EA975C004FA8F6 /* View */ = {
			isa = PBXGroup;
			children = (
				8CA7506F24DD6EE4005B6CB8 /* Main.storyboard */,
				8CA7507424DD6EE6005B6CB8 /* LaunchScreen.storyboard */,
			);
			path = View;
			sourceTree = "<group>";
		};
		8CA8668B24EA9777004FA8F6 /* Support Files */ = {
			isa = PBXGroup;
			children = (
				8CA7506924DD6EE4005B6CB8 /* AppDelegate.swift */,
				8CA7506B24DD6EE4005B6CB8 /* SceneDelegate.swift */,
			);
			path = "Support Files";
			sourceTree = "<group>";
		};
		8CA8668D24EA97E8004FA8F6 /* Episodes */ = {
			isa = PBXGroup;
			children = (
				8C7E826824DF146C00812C9A /* EpisodeCell */,
				8C7E826D24DF234C00812C9A /* EpisodesListViewController.swift */,
				8CD4727624E16D120092EF83 /* EpisodeDetailViewController.swift */,
			);
			path = Episodes;
			sourceTree = "<group>";
		};
		8CA8668E24EA97FB004FA8F6 /* Seasons */ = {
			isa = PBXGroup;
			children = (
				8CA7506D24DD6EE4005B6CB8 /* SeasonViewController.swift */,
				8C7E826724DF144400812C9A /* SeasonCell */,
			);
			path = Seasons;
			sourceTree = "<group>";
		};
		8CA8668F24EA981F004FA8F6 /* Controller */ = {
			isa = PBXGroup;
			children = (
				8C98E58025104EAA004CAD6C /* Home */,
				8CA8668E24EA97FB004FA8F6 /* Seasons */,
				8CA8668D24EA97E8004FA8F6 /* Episodes */,
			);
			path = Controller;
			sourceTree = "<group>";
		};
		90C2500F9833FBB5880D444F /* Pods */ = {
			isa = PBXGroup;
			children = (
				6E0151ED115E8ED8A73A2213 /* Pods-TVnMoviesApp.debug.xcconfig */,
				423C956EF68AA934562D00AC /* Pods-TVnMoviesApp.release.xcconfig */,
			);
			name = Pods;
			path = Pods;
			sourceTree = "<group>";
		};
		AF3EA621CF268AAA3E664458 /* Frameworks */ = {
			isa = PBXGroup;
			children = (
				CB5664D665B9B3AF93C319D7 /* Pods_TVnMoviesApp.framework */,
			);
			name = Frameworks;
			sourceTree = "<group>";
		};
/* End PBXGroup section */

/* Begin PBXNativeTarget section */
		8CA7506524DD6EE4005B6CB8 /* TVnMoviesApp */ = {
			isa = PBXNativeTarget;
			buildConfigurationList = 8CA7507A24DD6EE6005B6CB8 /* Build configuration list for PBXNativeTarget "TVnMoviesApp" */;
			buildPhases = (
				6E750F17E6EDC8D884FF1CCB /* [CP] Check Pods Manifest.lock */,
				8CA7506224DD6EE4005B6CB8 /* Sources */,
				8CA7506324DD6EE4005B6CB8 /* Frameworks */,
				8CA7506424DD6EE4005B6CB8 /* Resources */,
				49D4B52C5F942346D16CDAE5 /* [CP] Embed Pods Frameworks */,
			);
			buildRules = (
			);
			dependencies = (
			);
			name = TVnMoviesApp;
			productName = SuitsAppBeta;
			productReference = 8CA7506624DD6EE4005B6CB8 /* TVnMoviesApp.app */;
			productType = "com.apple.product-type.application";
		};
/* End PBXNativeTarget section */

/* Begin PBXProject section */
		8CA7505E24DD6EE4005B6CB8 /* Project object */ = {
			isa = PBXProject;
			attributes = {
				LastSwiftUpdateCheck = 1150;
				LastUpgradeCheck = 1150;
				ORGANIZATIONNAME = Kuba;
				TargetAttributes = {
					8CA7506524DD6EE4005B6CB8 = {
						CreatedOnToolsVersion = 11.5;
					};
				};
			};
			buildConfigurationList = 8CA7506124DD6EE4005B6CB8 /* Build configuration list for PBXProject "TVnMoviesApp" */;
			compatibilityVersion = "Xcode 9.3";
			developmentRegion = en;
			hasScannedForEncodings = 0;
			knownRegions = (
				en,
				Base,
			);
			mainGroup = 8CA7505D24DD6EE4005B6CB8;
			productRefGroup = 8CA7506724DD6EE4005B6CB8 /* Products */;
			projectDirPath = "";
			projectRoot = "";
			targets = (
				8CA7506524DD6EE4005B6CB8 /* TVnMoviesApp */,
			);
		};
/* End PBXProject section */

/* Begin PBXResourcesBuildPhase section */
		8CA7506424DD6EE4005B6CB8 /* Resources */ = {
			isa = PBXResourcesBuildPhase;
			buildActionMask = 2147483647;
			files = (
				8CA7507624DD6EE6005B6CB8 /* LaunchScreen.storyboard in Resources */,
				8CA7508424DDF098005B6CB8 /* SeasonCollectionViewCell.xib in Resources */,
				8CA7507324DD6EE6005B6CB8 /* Assets.xcassets in Resources */,
				8CA7507124DD6EE4005B6CB8 /* Main.storyboard in Resources */,
				8C98E57E25104318004CAD6C /* HomeCollectionViewCell.xib in Resources */,
				8C7E826C24DF149300812C9A /* EpisodeCollectionViewCell.xib in Resources */,
			);
			runOnlyForDeploymentPostprocessing = 0;
		};
/* End PBXResourcesBuildPhase section */

/* Begin PBXShellScriptBuildPhase section */
		49D4B52C5F942346D16CDAE5 /* [CP] Embed Pods Frameworks */ = {
			isa = PBXShellScriptBuildPhase;
			buildActionMask = 2147483647;
			files = (
			);
			inputFileListPaths = (
				"${PODS_ROOT}/Target Support Files/Pods-TVnMoviesApp/Pods-TVnMoviesApp-frameworks-${CONFIGURATION}-input-files.xcfilelist",
			);
			name = "[CP] Embed Pods Frameworks";
			outputFileListPaths = (
				"${PODS_ROOT}/Target Support Files/Pods-TVnMoviesApp/Pods-TVnMoviesApp-frameworks-${CONFIGURATION}-output-files.xcfilelist",
			);
			runOnlyForDeploymentPostprocessing = 0;
			shellPath = /bin/sh;
			shellScript = "\"${PODS_ROOT}/Target Support Files/Pods-TVnMoviesApp/Pods-TVnMoviesApp-frameworks.sh\"\n";
			showEnvVarsInLog = 0;
		};
		6E750F17E6EDC8D884FF1CCB /* [CP] Check Pods Manifest.lock */ = {
			isa = PBXShellScriptBuildPhase;
			buildActionMask = 2147483647;
			files = (
			);
			inputFileListPaths = (
			);
			inputPaths = (
				"${PODS_PODFILE_DIR_PATH}/Podfile.lock",
				"${PODS_ROOT}/Manifest.lock",
			);
			name = "[CP] Check Pods Manifest.lock";
			outputFileListPaths = (
			);
			outputPaths = (
				"$(DERIVED_FILE_DIR)/Pods-TVnMoviesApp-checkManifestLockResult.txt",
			);
			runOnlyForDeploymentPostprocessing = 0;
			shellPath = /bin/sh;
			shellScript = "diff \"${PODS_PODFILE_DIR_PATH}/Podfile.lock\" \"${PODS_ROOT}/Manifest.lock\" > /dev/null\nif [ $? != 0 ] ; then\n    # print error to STDERR\n    echo \"error: The sandbox is not in sync with the Podfile.lock. Run 'pod install' or update your CocoaPods installation.\" >&2\n    exit 1\nfi\n# This output is used by Xcode 'outputs' to avoid re-running this script phase.\necho \"SUCCESS\" > \"${SCRIPT_OUTPUT_FILE_0}\"\n";
			showEnvVarsInLog = 0;
		};
/* End PBXShellScriptBuildPhase section */

/* Begin PBXSourcesBuildPhase section */
		8CA7506224DD6EE4005B6CB8 /* Sources */ = {
			isa = PBXSourcesBuildPhase;
			buildActionMask = 2147483647;
			files = (
				8C7E826E24DF234D00812C9A /* EpisodesListViewController.swift in Sources */,
				8CD4727724E16D120092EF83 /* EpisodeDetailViewController.swift in Sources */,
				8CA7506E24DD6EE4005B6CB8 /* SeasonViewController.swift in Sources */,
				8CA7506A24DD6EE4005B6CB8 /* AppDelegate.swift in Sources */,
				3BD69EEE2546F21600130F21 /* ApiKey.swift in Sources */,
				8C7E826B24DF149300812C9A /* EpisodeCollectionViewCell.swift in Sources */,
				8C98E57625103EAF004CAD6C /* HomeViewController.swift in Sources */,
				8C98E57F25104318004CAD6C /* HomeCollectionViewCell.swift in Sources */,
				8C71BD7C24DDF9CE0014E416 /* SeasonData.swift in Sources */,
				8C98E57825103F21004CAD6C /* SearchData.swift in Sources */,
				8CA7506C24DD6EE4005B6CB8 /* SceneDelegate.swift in Sources */,
				8CA7507F24DD7316005B6CB8 /* Manager.swift in Sources */,
				8CA7508024DD7316005B6CB8 /* EpisodeData.swift in Sources */,
				8CA7508324DDF098005B6CB8 /* SeasonCollectionViewCell.swift in Sources */,
			);
			runOnlyForDeploymentPostprocessing = 0;
		};
/* End PBXSourcesBuildPhase section */

/* Begin PBXVariantGroup section */
		8CA7506F24DD6EE4005B6CB8 /* Main.storyboard */ = {
			isa = PBXVariantGroup;
			children = (
				8CA7507024DD6EE4005B6CB8 /* Base */,
			);
			name = Main.storyboard;
			sourceTree = "<group>";
		};
		8CA7507424DD6EE6005B6CB8 /* LaunchScreen.storyboard */ = {
			isa = PBXVariantGroup;
			children = (
				8CA7507524DD6EE6005B6CB8 /* Base */,
			);
			name = LaunchScreen.storyboard;
			sourceTree = "<group>";
		};
/* End PBXVariantGroup section */

/* Begin XCBuildConfiguration section */
		8CA7507824DD6EE6005B6CB8 /* Debug */ = {
			isa = XCBuildConfiguration;
			buildSettings = {
				ALWAYS_SEARCH_USER_PATHS = NO;
				CLANG_ANALYZER_NONNULL = YES;
				CLANG_ANALYZER_NUMBER_OBJECT_CONVERSION = YES_AGGRESSIVE;
				CLANG_CXX_LANGUAGE_STANDARD = "gnu++14";
				CLANG_CXX_LIBRARY = "libc++";
				CLANG_ENABLE_MODULES = YES;
				CLANG_ENABLE_OBJC_ARC = YES;
				CLANG_ENABLE_OBJC_WEAK = YES;
				CLANG_WARN_BLOCK_CAPTURE_AUTORELEASING = YES;
				CLANG_WARN_BOOL_CONVERSION = YES;
				CLANG_WARN_COMMA = YES;
				CLANG_WARN_CONSTANT_CONVERSION = YES;
				CLANG_WARN_DEPRECATED_OBJC_IMPLEMENTATIONS = YES;
				CLANG_WARN_DIRECT_OBJC_ISA_USAGE = YES_ERROR;
				CLANG_WARN_DOCUMENTATION_COMMENTS = YES;
				CLANG_WARN_EMPTY_BODY = YES;
				CLANG_WARN_ENUM_CONVERSION = YES;
				CLANG_WARN_INFINITE_RECURSION = YES;
				CLANG_WARN_INT_CONVERSION = YES;
				CLANG_WARN_NON_LITERAL_NULL_CONVERSION = YES;
				CLANG_WARN_OBJC_IMPLICIT_RETAIN_SELF = YES;
				CLANG_WARN_OBJC_LITERAL_CONVERSION = YES;
				CLANG_WARN_OBJC_ROOT_CLASS = YES_ERROR;
				CLANG_WARN_RANGE_LOOP_ANALYSIS = YES;
				CLANG_WARN_STRICT_PROTOTYPES = YES;
				CLANG_WARN_SUSPICIOUS_MOVE = YES;
				CLANG_WARN_UNGUARDED_AVAILABILITY = YES_AGGRESSIVE;
				CLANG_WARN_UNREACHABLE_CODE = YES;
				CLANG_WARN__DUPLICATE_METHOD_MATCH = YES;
				COPY_PHASE_STRIP = NO;
				DEBUG_INFORMATION_FORMAT = dwarf;
				ENABLE_STRICT_OBJC_MSGSEND = YES;
				ENABLE_TESTABILITY = YES;
				GCC_C_LANGUAGE_STANDARD = gnu11;
				GCC_DYNAMIC_NO_PIC = NO;
				GCC_NO_COMMON_BLOCKS = YES;
				GCC_OPTIMIZATION_LEVEL = 0;
				GCC_PREPROCESSOR_DEFINITIONS = (
					"DEBUG=1",
					"$(inherited)",
				);
				GCC_WARN_64_TO_32_BIT_CONVERSION = YES;
				GCC_WARN_ABOUT_RETURN_TYPE = YES_ERROR;
				GCC_WARN_UNDECLARED_SELECTOR = YES;
				GCC_WARN_UNINITIALIZED_AUTOS = YES_AGGRESSIVE;
				GCC_WARN_UNUSED_FUNCTION = YES;
				GCC_WARN_UNUSED_VARIABLE = YES;
				IPHONEOS_DEPLOYMENT_TARGET = 13.5;
				MTL_ENABLE_DEBUG_INFO = INCLUDE_SOURCE;
				MTL_FAST_MATH = YES;
				ONLY_ACTIVE_ARCH = YES;
				SDKROOT = iphoneos;
				SWIFT_ACTIVE_COMPILATION_CONDITIONS = DEBUG;
				SWIFT_OPTIMIZATION_LEVEL = "-Onone";
			};
			name = Debug;
		};
		8CA7507924DD6EE6005B6CB8 /* Release */ = {
			isa = XCBuildConfiguration;
			buildSettings = {
				ALWAYS_SEARCH_USER_PATHS = NO;
				CLANG_ANALYZER_NONNULL = YES;
				CLANG_ANALYZER_NUMBER_OBJECT_CONVERSION = YES_AGGRESSIVE;
				CLANG_CXX_LANGUAGE_STANDARD = "gnu++14";
				CLANG_CXX_LIBRARY = "libc++";
				CLANG_ENABLE_MODULES = YES;
				CLANG_ENABLE_OBJC_ARC = YES;
				CLANG_ENABLE_OBJC_WEAK = YES;
				CLANG_WARN_BLOCK_CAPTURE_AUTORELEASING = YES;
				CLANG_WARN_BOOL_CONVERSION = YES;
				CLANG_WARN_COMMA = YES;
				CLANG_WARN_CONSTANT_CONVERSION = YES;
				CLANG_WARN_DEPRECATED_OBJC_IMPLEMENTATIONS = YES;
				CLANG_WARN_DIRECT_OBJC_ISA_USAGE = YES_ERROR;
				CLANG_WARN_DOCUMENTATION_COMMENTS = YES;
				CLANG_WARN_EMPTY_BODY = YES;
				CLANG_WARN_ENUM_CONVERSION = YES;
				CLANG_WARN_INFINITE_RECURSION = YES;
				CLANG_WARN_INT_CONVERSION = YES;
				CLANG_WARN_NON_LITERAL_NULL_CONVERSION = YES;
				CLANG_WARN_OBJC_IMPLICIT_RETAIN_SELF = YES;
				CLANG_WARN_OBJC_LITERAL_CONVERSION = YES;
				CLANG_WARN_OBJC_ROOT_CLASS = YES_ERROR;
				CLANG_WARN_RANGE_LOOP_ANALYSIS = YES;
				CLANG_WARN_STRICT_PROTOTYPES = YES;
				CLANG_WARN_SUSPICIOUS_MOVE = YES;
				CLANG_WARN_UNGUARDED_AVAILABILITY = YES_AGGRESSIVE;
				CLANG_WARN_UNREACHABLE_CODE = YES;
				CLANG_WARN__DUPLICATE_METHOD_MATCH = YES;
				COPY_PHASE_STRIP = NO;
				DEBUG_INFORMATION_FORMAT = "dwarf-with-dsym";
				ENABLE_NS_ASSERTIONS = NO;
				ENABLE_STRICT_OBJC_MSGSEND = YES;
				GCC_C_LANGUAGE_STANDARD = gnu11;
				GCC_NO_COMMON_BLOCKS = YES;
				GCC_WARN_64_TO_32_BIT_CONVERSION = YES;
				GCC_WARN_ABOUT_RETURN_TYPE = YES_ERROR;
				GCC_WARN_UNDECLARED_SELECTOR = YES;
				GCC_WARN_UNINITIALIZED_AUTOS = YES_AGGRESSIVE;
				GCC_WARN_UNUSED_FUNCTION = YES;
				GCC_WARN_UNUSED_VARIABLE = YES;
				IPHONEOS_DEPLOYMENT_TARGET = 13.5;
				MTL_ENABLE_DEBUG_INFO = NO;
				MTL_FAST_MATH = YES;
				SDKROOT = iphoneos;
				SWIFT_COMPILATION_MODE = wholemodule;
				SWIFT_OPTIMIZATION_LEVEL = "-O";
				VALIDATE_PRODUCT = YES;
			};
			name = Release;
		};
		8CA7507B24DD6EE6005B6CB8 /* Debug */ = {
			isa = XCBuildConfiguration;
			baseConfigurationReference = 6E0151ED115E8ED8A73A2213 /* Pods-TVnMoviesApp.debug.xcconfig */;
			buildSettings = {
				ASSETCATALOG_COMPILER_APPICON_NAME = AppIcon;
				CODE_SIGN_STYLE = Automatic;
				DEVELOPMENT_TEAM = 93284K68YD;
				INFOPLIST_FILE = TVnMoviesApp/Info.plist;
				LD_RUNPATH_SEARCH_PATHS = (
					"$(inherited)",
					"@executable_path/Frameworks",
				);
				PRODUCT_BUNDLE_IDENTIFIER = "Kuba.-TVnMoviesApp";
				PRODUCT_NAME = TVnMoviesApp;
				SWIFT_VERSION = 5.0;
				TARGETED_DEVICE_FAMILY = "1,2";
			};
			name = Debug;
		};
		8CA7507C24DD6EE6005B6CB8 /* Release */ = {
			isa = XCBuildConfiguration;
			baseConfigurationReference = 423C956EF68AA934562D00AC /* Pods-TVnMoviesApp.release.xcconfig */;
			buildSettings = {
				ASSETCATALOG_COMPILER_APPICON_NAME = AppIcon;
				CODE_SIGN_STYLE = Automatic;
				DEVELOPMENT_TEAM = 93284K68YD;
				INFOPLIST_FILE = TVnMoviesApp/Info.plist;
				LD_RUNPATH_SEARCH_PATHS = (
					"$(inherited)",
					"@executable_path/Frameworks",
				);
				PRODUCT_BUNDLE_IDENTIFIER = "Kuba.-TVnMoviesApp";
				PRODUCT_NAME = TVnMoviesApp;
				SWIFT_VERSION = 5.0;
				TARGETED_DEVICE_FAMILY = "1,2";
			};
			name = Release;
		};
/* End XCBuildConfiguration section */

/* Begin XCConfigurationList section */
		8CA7506124DD6EE4005B6CB8 /* Build configuration list for PBXProject "TVnMoviesApp" */ = {
			isa = XCConfigurationList;
			buildConfigurations = (
				8CA7507824DD6EE6005B6CB8 /* Debug */,
				8CA7507924DD6EE6005B6CB8 /* Release */,
			);
			defaultConfigurationIsVisible = 0;
			defaultConfigurationName = Release;
		};
		8CA7507A24DD6EE6005B6CB8 /* Build configuration list for PBXNativeTarget "TVnMoviesApp" */ = {
			isa = XCConfigurationList;
			buildConfigurations = (
				8CA7507B24DD6EE6005B6CB8 /* Debug */,
				8CA7507C24DD6EE6005B6CB8 /* Release */,
			);
			defaultConfigurationIsVisible = 0;
			defaultConfigurationName = Release;
		};
/* End XCConfigurationList section */
	};
	rootObject = 8CA7505E24DD6EE4005B6CB8 /* Project object */;
}
